# THIS IS AN AUTOGENERATED FILE. DO NOT EDIT THIS FILE DIRECTLY.
# yarn lockfile v1


"@types/phoenix@*", "@types/phoenix@^1.6.4":
  version "1.6.4"
  resolved "https://registry.yarnpkg.com/@types/phoenix/-/phoenix-1.6.4.tgz#cceac93a827555473ad38057d1df7d06eef1ed71"
  integrity sha512-B34A7uot1Cv0XtaHRYDATltAdKx0BvVKNgYNqE4WjtPUa4VQJM7kxeXcVKaH+KS+kCmZ+6w+QaUdcljiheiBJA==

"@types/phoenix_live_view@^0.18.4":
  version "0.18.4"
  resolved "https://registry.yarnpkg.com/@types/phoenix_live_view/-/phoenix_live_view-0.18.4.tgz#b002cf89e499041c420ac38122445314161f2219"
  integrity sha512-9mq6zRZfCtY8f4Kiu9ca0YodlNoL5kPfz6AO8AMIylftoT59re5+l5BxPISt/NJXyj1S/gRJmwpHgyVsyEk8cg==
  dependencies:
    "@types/phoenix" "*"

topbar@^2.0.2:
  version "2.0.2"
  resolved "https://registry.yarnpkg.com/topbar/-/topbar-2.0.2.tgz#fd5890a84553da2469f35d24e6304e7f71d179e2"
  integrity sha512-hCKoSaWxXqGIgjag8rIVajysE41as7ti5z9GDO5rcx2zmII1/rY5zvO9IgKwbf50HL82EzlimL6OmPYPUgbpEw==

typescript@^5.3.3:
  version "5.3.3"
  resolved "https://registry.yarnpkg.com/typescript/-/typescript-5.3.3.tgz#b3ce6ba258e72e6305ba66f5c9b452aaee3ffe37"
  integrity sha512-pXWcraxM0uxAS+tN0AG/BF2TyqmHO014Z070UsJ+pFvYuRSq8KH8DmWpnbXe0pEPDHXZV3FcAbJkijJ5oNEnWw==
